
Microsoft Visual Studio Solution File, Format Version 12.00
# Visual Studio Version 17
VisualStudioVersion = 17.4.33103.184
MinimumVisualStudioVersion = 10.0.40219.1
Project("{FAE04EC0-301F-11D3-BF4B-00C04F79EFBC}") = "LockCursorInMonitorPlugin", "LockCursorInMonitorPlugin\LockCursorInMonitorPlugin.csproj", "{75075133-ADFA-41F3-8009-407FBB69686B}"
EndProject
Global
	GlobalSection(SolutionConfigurationPlatforms) = preSolution
		Debug|Any CPU = Debug|Any CPU
		Release|Any CPU = Release|Any CPU
	EndGlobalSection
	GlobalSection(ProjectConfigurationPlatforms) = postSolution
		{75075133-ADFA-41F3-8009-407FBB69686B}.Debug|Any CPU.ActiveCfg = Debug|Any CPU
		{75075133-ADFA-41F3-8009-407FBB69686B}.Debug|Any CPU.Build.0 = Debug|Any CPU
		{75075133-ADFA-41F3-8009-407FBB69686B}.Release|Any CPU.ActiveCfg = Release|Any CPU
		{75075133-ADFA-41F3-8009-407FBB69686B}.Release|Any CPU.Build.0 = Release|Any CPU
	EndGlobalSection
	GlobalSection(SolutionProperties) = preSolution
		HideSolutionNode = FALSE
	EndGlobalSection
	GlobalSection(ExtensibilityGlobals) = postSolution
		SolutionGuid = {72BFA421-A841-4AA0-8912-A424A60C5566}
	EndGlobalSection
EndGlobal
