
Microsoft Visual Studio Solution File, Format Version 12.00
# Visual Studio Version 17
VisualStudioVersion = 17.4.33103.184
MinimumVisualStudioVersion = 10.0.40219.1
Project("{FAE04EC0-301F-11D3-BF4B-00C04F79EFBC}") = "LegendUtil.DisplayDeviceHelper", "ResolutionChangerPlugin\LegendUtil.DisplayDeviceHelper.csproj", "{001B1B32-A4FD-4DAC-9172-7DB9036301A8}"
EndProject
Global
	GlobalSection(SolutionConfigurationPlatforms) = preSolution
		Debug|Any CPU = Debug|Any CPU
		Release|Any CPU = Release|Any CPU
	EndGlobalSection
	GlobalSection(ProjectConfigurationPlatforms) = postSolution
		{001B1B32-A4FD-4DAC-9172-7DB9036301A8}.Debug|Any CPU.ActiveCfg = Debug|Any CPU
		{001B1B32-A4FD-4DAC-9172-7DB9036301A8}.Debug|Any CPU.Build.0 = Debug|Any CPU
		{001B1B32-A4FD-4DAC-9172-7DB9036301A8}.Release|Any CPU.ActiveCfg = Release|Any CPU
		{001B1B32-A4FD-4DAC-9172-7DB9036301A8}.Release|Any CPU.Build.0 = Release|Any CPU
	EndGlobalSection
	GlobalSection(SolutionProperties) = preSolution
		HideSolutionNode = FALSE
	EndGlobalSection
	GlobalSection(ExtensibilityGlobals) = postSolution
		SolutionGuid = {523E82B2-6364-4DFE-A1FA-15F8A06AE779}
	EndGlobalSection
EndGlobal
