
Microsoft Visual Studio Solution File, Format Version 12.00
# Visual Studio Version 17
VisualStudioVersion = 17.4.33110.190
MinimumVisualStudioVersion = 10.0.40219.1
Project("{FAE04EC0-301F-11D3-BF4B-00C04F79EFBC}") = "LockCursorInWindowPlugin", "LockCursorInWindowPlugin.csproj", "{37280AA6-A3B7-445A-BF3F-4D165B234217}"
EndProject
Global
	GlobalSection(SolutionConfigurationPlatforms) = preSolution
		Debug|Any CPU = Debug|Any CPU
		Debug|x86 = Debug|x86
		Release|Any CPU = Release|Any CPU
		Release|x86 = Release|x86
	EndGlobalSection
	GlobalSection(ProjectConfigurationPlatforms) = postSolution
		{37280AA6-A3B7-445A-BF3F-4D165B234217}.Debug|Any CPU.ActiveCfg = Debug|Any CPU
		{37280AA6-A3B7-445A-BF3F-4D165B234217}.Debug|Any CPU.Build.0 = Debug|Any CPU
		{37280AA6-A3B7-445A-BF3F-4D165B234217}.Debug|x86.ActiveCfg = Debug|x86
		{37280AA6-A3B7-445A-BF3F-4D165B234217}.Debug|x86.Build.0 = Debug|x86
		{37280AA6-A3B7-445A-BF3F-4D165B234217}.Release|Any CPU.ActiveCfg = Release|Any CPU
		{37280AA6-A3B7-445A-BF3F-4D165B234217}.Release|Any CPU.Build.0 = Release|Any CPU
		{37280AA6-A3B7-445A-BF3F-4D165B234217}.Release|x86.ActiveCfg = Release|x86
		{37280AA6-A3B7-445A-BF3F-4D165B234217}.Release|x86.Build.0 = Release|x86
	EndGlobalSection
	GlobalSection(SolutionProperties) = preSolution
		HideSolutionNode = FALSE
	EndGlobalSection
	GlobalSection(ExtensibilityGlobals) = postSolution
		SolutionGuid = {16941F30-F84D-446B-BAA4-3E2640579E5A}
	EndGlobalSection
EndGlobal
