
Microsoft Visual Studio Solution File, Format Version 12.00
# Visual Studio Version 17
VisualStudioVersion = 17.4.33110.190
MinimumVisualStudioVersion = 10.0.40219.1
Project("{FAE04EC0-301F-11D3-BF4B-00C04F79EFBC}") = "Transitions.rdr", "Transitions.rdr.csproj", "{95E3CA8F-5E12-411B-8320-4712A0C66BF1}"
EndProject
Global
	GlobalSection(SolutionConfigurationPlatforms) = preSolution
		Debug|Any CPU = Debug|Any CPU
		Release|Any CPU = Release|Any CPU
	EndGlobalSection
	GlobalSection(ProjectConfigurationPlatforms) = postSolution
		{95E3CA8F-5E12-411B-8320-4712A0C66BF1}.Debug|Any CPU.ActiveCfg = Debug|Any CPU
		{95E3CA8F-5E12-411B-8320-4712A0C66BF1}.Debug|Any CPU.Build.0 = Debug|Any CPU
		{95E3CA8F-5E12-411B-8320-4712A0C66BF1}.Release|Any CPU.ActiveCfg = Release|Any CPU
		{95E3CA8F-5E12-411B-8320-4712A0C66BF1}.Release|Any CPU.Build.0 = Release|Any CPU
	EndGlobalSection
	GlobalSection(SolutionProperties) = preSolution
		HideSolutionNode = FALSE
	EndGlobalSection
	GlobalSection(ExtensibilityGlobals) = postSolution
		SolutionGuid = {2FB4B829-399A-4118-BCE0-AF375656CEA5}
	EndGlobalSection
EndGlobal
